{
  "name": "sharedmemory_read_write_test",
  "version": "1.0.0",
  "lockfileVersion": 3,
  "requires": true,
  "packages": {
    "": {
      "name": "sharedmemory_read_write_test",
      "version": "1.0.0",
      "license": "ISC",
      "dependencies": {
        "cpp_libsharedmemory": "^0.0.9"
      }
    },
    "node_modules/cpp_libsharedmemory": {
      "version": "0.0.9",
      "resolved": "https://registry.npmjs.org/cpp_libsharedmemory/-/cpp_libsharedmemory-0.0.9.tgz",
      "integrity": "sha512-qHAdqoH5kjPePW1Sk4OfBF6kwrBPljy8LIraV9zAAP/p5aVDzvgZMy3MdnqsKbqgsrOe9kzUbN22D6MWYePm6g=="
    }
  }
}
